
Microsoft Visual Studio Solution File, Format Version 12.00
# Visual Studio Version 16
VisualStudioVersion = 16.0.29326.143
MinimumVisualStudioVersion = 10.0.40219.1
Project("{FAE04EC0-301F-11D3-BF4B-00C04F79EFBC}") = "2PRO", "2PRO\2PRO.csproj", "{097B210F-8804-4E9B-A256-C4FBBC6CD01E}"
EndProject
Global
	GlobalSection(SolutionConfigurationPlatforms) = preSolution
		Debug|Any CPU = Debug|Any CPU
		Release|Any CPU = Release|Any CPU
	EndGlobalSection
	GlobalSection(ProjectConfigurationPlatforms) = postSolution
		{097B210F-8804-4E9B-A256-C4FBBC6CD01E}.Debug|Any CPU.ActiveCfg = Debug|Any CPU
		{097B210F-8804-4E9B-A256-C4FBBC6CD01E}.Debug|Any CPU.Build.0 = Debug|Any CPU
		{097B210F-8804-4E9B-A256-C4FBBC6CD01E}.Release|Any CPU.ActiveCfg = Release|Any CPU
		{097B210F-8804-4E9B-A256-C4FBBC6CD01E}.Release|Any CPU.Build.0 = Release|Any CPU
	EndGlobalSection
	GlobalSection(SolutionProperties) = preSolution
		HideSolutionNode = FALSE
	EndGlobalSection
	GlobalSection(ExtensibilityGlobals) = postSolution
		SolutionGuid = {7D4D2E94-A32F-479A-89BA-EDE42DE6F5DD}
	EndGlobalSection
EndGlobal
