
Microsoft Visual Studio Solution File, Format Version 12.00
# Visual Studio Version 16
VisualStudioVersion = 16.0.29326.143
MinimumVisualStudioVersion = 10.0.40219.1
Project("{FAE04EC0-301F-11D3-BF4B-00C04F79EFBC}") = "TablaMultiplicar15", "TablaMultiplicar15\TablaMultiplicar15.csproj", "{FBAABF7F-D3EA-41DD-B873-93F82332DB0E}"
EndProject
Global
	GlobalSection(SolutionConfigurationPlatforms) = preSolution
		Debug|Any CPU = Debug|Any CPU
		Release|Any CPU = Release|Any CPU
	EndGlobalSection
	GlobalSection(ProjectConfigurationPlatforms) = postSolution
		{FBAABF7F-D3EA-41DD-B873-93F82332DB0E}.Debug|Any CPU.ActiveCfg = Debug|Any CPU
		{FBAABF7F-D3EA-41DD-B873-93F82332DB0E}.Debug|Any CPU.Build.0 = Debug|Any CPU
		{FBAABF7F-D3EA-41DD-B873-93F82332DB0E}.Release|Any CPU.ActiveCfg = Release|Any CPU
		{FBAABF7F-D3EA-41DD-B873-93F82332DB0E}.Release|Any CPU.Build.0 = Release|Any CPU
	EndGlobalSection
	GlobalSection(SolutionProperties) = preSolution
		HideSolutionNode = FALSE
	EndGlobalSection
	GlobalSection(ExtensibilityGlobals) = postSolution
		SolutionGuid = {B518EB71-6FF9-4BBF-A113-2B587E205DC0}
	EndGlobalSection
EndGlobal
