
Microsoft Visual Studio Solution File, Format Version 12.00
# Visual Studio Version 16
VisualStudioVersion = 16.0.29326.143
MinimumVisualStudioVersion = 10.0.40219.1
Project("{FAE04EC0-301F-11D3-BF4B-00C04F79EFBC}") = "Piramide--asterisco", "Piramide--asterisco\Piramide--asterisco.csproj", "{E3DBDFC7-4506-43C2-811D-7C87ABE685DF}"
EndProject
Global
	GlobalSection(SolutionConfigurationPlatforms) = preSolution
		Debug|Any CPU = Debug|Any CPU
		Release|Any CPU = Release|Any CPU
	EndGlobalSection
	GlobalSection(ProjectConfigurationPlatforms) = postSolution
		{E3DBDFC7-4506-43C2-811D-7C87ABE685DF}.Debug|Any CPU.ActiveCfg = Debug|Any CPU
		{E3DBDFC7-4506-43C2-811D-7C87ABE685DF}.Debug|Any CPU.Build.0 = Debug|Any CPU
		{E3DBDFC7-4506-43C2-811D-7C87ABE685DF}.Release|Any CPU.ActiveCfg = Release|Any CPU
		{E3DBDFC7-4506-43C2-811D-7C87ABE685DF}.Release|Any CPU.Build.0 = Release|Any CPU
	EndGlobalSection
	GlobalSection(SolutionProperties) = preSolution
		HideSolutionNode = FALSE
	EndGlobalSection
	GlobalSection(ExtensibilityGlobals) = postSolution
		SolutionGuid = {5C940A13-1842-41EB-8E4D-CBF903B97B34}
	EndGlobalSection
EndGlobal
